
Microsoft Visual Studio Solution File, Format Version 12.00
# Visual Studio Version 17
VisualStudioVersion = 17.7.34024.191
MinimumVisualStudioVersion = 10.0.40219.1
Project("{9A19103F-16F7-4668-BE54-9A1E7A4F7556}") = "Fast.API", "Fast.API\Fast.API.csproj", "{F34C70F9-0BB5-4316-AE3C-057CD7B884AD}"
EndProject
Project("{9A19103F-16F7-4668-BE54-9A1E7A4F7556}") = "Fast.Data", "Fast.Data\Fast.Data.csproj", "{55AC56DF-00FB-4BBA-B2C0-545E3A0CD51E}"
EndProject
Project("{9A19103F-16F7-4668-BE54-9A1E7A4F7556}") = "Fast.Core", "Fast.Core\Fast.Core.csproj", "{1B33DF6B-079A-424B-920B-090E30ECC585}"
EndProject
Project("{9A19103F-16F7-4668-BE54-9A1E7A4F7556}") = "Fast.Service", "Fast.Servide\Fast.Service.csproj", "{19E119CD-447F-4BFD-85C7-20E8A993B14C}"
EndProject
Global
	GlobalSection(SolutionConfigurationPlatforms) = preSolution
		Debug|Any CPU = Debug|Any CPU
		Release|Any CPU = Release|Any CPU
	EndGlobalSection
	GlobalSection(ProjectConfigurationPlatforms) = postSolution
		{F34C70F9-0BB5-4316-AE3C-057CD7B884AD}.Debug|Any CPU.ActiveCfg = Debug|Any CPU
		{F34C70F9-0BB5-4316-AE3C-057CD7B884AD}.Debug|Any CPU.Build.0 = Debug|Any CPU
		{F34C70F9-0BB5-4316-AE3C-057CD7B884AD}.Release|Any CPU.ActiveCfg = Release|Any CPU
		{F34C70F9-0BB5-4316-AE3C-057CD7B884AD}.Release|Any CPU.Build.0 = Release|Any CPU
		{55AC56DF-00FB-4BBA-B2C0-545E3A0CD51E}.Debug|Any CPU.ActiveCfg = Debug|Any CPU
		{55AC56DF-00FB-4BBA-B2C0-545E3A0CD51E}.Debug|Any CPU.Build.0 = Debug|Any CPU
		{55AC56DF-00FB-4BBA-B2C0-545E3A0CD51E}.Release|Any CPU.ActiveCfg = Release|Any CPU
		{55AC56DF-00FB-4BBA-B2C0-545E3A0CD51E}.Release|Any CPU.Build.0 = Release|Any CPU
		{1B33DF6B-079A-424B-920B-090E30ECC585}.Debug|Any CPU.ActiveCfg = Debug|Any CPU
		{1B33DF6B-079A-424B-920B-090E30ECC585}.Debug|Any CPU.Build.0 = Debug|Any CPU
		{1B33DF6B-079A-424B-920B-090E30ECC585}.Release|Any CPU.ActiveCfg = Release|Any CPU
		{1B33DF6B-079A-424B-920B-090E30ECC585}.Release|Any CPU.Build.0 = Release|Any CPU
		{19E119CD-447F-4BFD-85C7-20E8A993B14C}.Debug|Any CPU.ActiveCfg = Debug|Any CPU
		{19E119CD-447F-4BFD-85C7-20E8A993B14C}.Debug|Any CPU.Build.0 = Debug|Any CPU
		{19E119CD-447F-4BFD-85C7-20E8A993B14C}.Release|Any CPU.ActiveCfg = Release|Any CPU
		{19E119CD-447F-4BFD-85C7-20E8A993B14C}.Release|Any CPU.Build.0 = Release|Any CPU
	EndGlobalSection
	GlobalSection(SolutionProperties) = preSolution
		HideSolutionNode = FALSE
	EndGlobalSection
	GlobalSection(ExtensibilityGlobals) = postSolution
		SolutionGuid = {14FAEC2C-B569-4ADB-85DE-7AECAB290B73}
	EndGlobalSection
EndGlobal
